// !$*UTF8*$!
{
	archiveVersion = 1;
	classes = {
	};
	objectVersion = 56;
	objects = {

/* Begin PBXBuildFile section */
		5624DD202B667302004E24C8 /* PhotosDIContainerMock.swift in Sources */ = {isa = PBXBuildFile; fileRef = 5624DD1F2B667302004E24C8 /* PhotosDIContainerMock.swift */; };
		5624DD222B667329004E24C8 /* PhotosRepositoryMock.swift in Sources */ = {isa = PBXBuildFile; fileRef = 5624DD212B667329004E24C8 /* PhotosRepositoryMock.swift */; };
		5624DD252B667350004E24C8 /* Photo+Extension.swift in Sources */ = {isa = PBXBuildFile; fileRef = 5624DD242B667350004E24C8 /* Photo+Extension.swift */; };
		5624DD282B667422004E24C8 /* photos_2.json in Resources */ = {isa = PBXBuildFile; fileRef = 5624DD262B667422004E24C8 /* photos_2.json */; };
		5624DD292B667422004E24C8 /* photos_3.json in Resources */ = {isa = PBXBuildFile; fileRef = 5624DD272B667422004E24C8 /* photos_3.json */; };
		5624DD2B2B66809D004E24C8 /* PhotoData+Extension.swift in Sources */ = {isa = PBXBuildFile; fileRef = 5624DD2A2B66809D004E24C8 /* PhotoData+Extension.swift */; };
		5624DD2D2B668681004E24C8 /* DefaultPhotosRepositoryTests.swift in Sources */ = {isa = PBXBuildFile; fileRef = 5624DD2C2B668681004E24C8 /* DefaultPhotosRepositoryTests.swift */; };
		5624DD2F2B668695004E24C8 /* ImageDownloadServiceMock.swift in Sources */ = {isa = PBXBuildFile; fileRef = 5624DD2E2B668695004E24C8 /* ImageDownloadServiceMock.swift */; };
		5624DD312B66871D004E24C8 /* PhotosResponseDTO.swift in Sources */ = {isa = PBXBuildFile; fileRef = 5624DD302B66871D004E24C8 /* PhotosResponseDTO.swift */; };
		5624DD342B668B36004E24C8 /* test_image.png in Resources */ = {isa = PBXBuildFile; fileRef = 5624DD332B668B36004E24C8 /* test_image.png */; };
		5624DD372B668E88004E24C8 /* PublicFunctions.swift in Sources */ = {isa = PBXBuildFile; fileRef = 5624DD362B668E88004E24C8 /* PublicFunctions.swift */; };
		5624DD3E2B66B42C004E24C8 /* PhotoGalleryViewController.swift in Sources */ = {isa = PBXBuildFile; fileRef = 5624DD3D2B66B42C004E24C8 /* PhotoGalleryViewController.swift */; };
		5624DD402B66B494004E24C8 /* PhotoLibraryControllerRepresentable.swift in Sources */ = {isa = PBXBuildFile; fileRef = 5624DD3F2B66B494004E24C8 /* PhotoLibraryControllerRepresentable.swift */; };
		5624DD422B66B771004E24C8 /* PhotoGalleryViewModel.swift in Sources */ = {isa = PBXBuildFile; fileRef = 5624DD412B66B771004E24C8 /* PhotoGalleryViewModel.swift */; };
		5624DD442B66BB77004E24C8 /* PhotoRowTVCellView.swift in Sources */ = {isa = PBXBuildFile; fileRef = 5624DD432B66BB77004E24C8 /* PhotoRowTVCellView.swift */; };
		5624DD472B66BD65004E24C8 /* Image+Extensions.swift in Sources */ = {isa = PBXBuildFile; fileRef = 5624DD462B66BD65004E24C8 /* Image+Extensions.swift */; };
		56DAA65D2B64A8BA00BBD0C9 /* PhotoGalleryApp.swift in Sources */ = {isa = PBXBuildFile; fileRef = 56DAA65C2B64A8BA00BBD0C9 /* PhotoGalleryApp.swift */; };
		56DAA65F2B64A8BA00BBD0C9 /* ContentView.swift in Sources */ = {isa = PBXBuildFile; fileRef = 56DAA65E2B64A8BA00BBD0C9 /* ContentView.swift */; };
		56DAA6612B64A8BB00BBD0C9 /* Assets.xcassets in Resources */ = {isa = PBXBuildFile; fileRef = 56DAA6602B64A8BB00BBD0C9 /* Assets.xcassets */; };
		56DAA6642B64A8BB00BBD0C9 /* Preview Assets.xcassets in Resources */ = {isa = PBXBuildFile; fileRef = 56DAA6632B64A8BB00BBD0C9 /* Preview Assets.xcassets */; };
		56DAA6782B64A8BB00BBD0C9 /* PhotoGalleryUITests.swift in Sources */ = {isa = PBXBuildFile; fileRef = 56DAA6772B64A8BB00BBD0C9 /* PhotoGalleryUITests.swift */; };
		56DAA67A2B64A8BB00BBD0C9 /* PhotoGalleryUITestsLaunchTests.swift in Sources */ = {isa = PBXBuildFile; fileRef = 56DAA6792B64A8BB00BBD0C9 /* PhotoGalleryUITestsLaunchTests.swift */; };
		56DAA6882B64A8DD00BBD0C9 /* PhotoGalleryListViewModel.swift in Sources */ = {isa = PBXBuildFile; fileRef = 56DAA6862B64A8DD00BBD0C9 /* PhotoGalleryListViewModel.swift */; };
		56DAA6892B64A8DD00BBD0C9 /* PhotoGalleryListView.swift in Sources */ = {isa = PBXBuildFile; fileRef = 56DAA6872B64A8DD00BBD0C9 /* PhotoGalleryListView.swift */; };
		56DAA68E2B64A92B00BBD0C9 /* PhotosDIContainer.swift in Sources */ = {isa = PBXBuildFile; fileRef = 56DAA68D2B64A92B00BBD0C9 /* PhotosDIContainer.swift */; };
		56DAA6922B64A95700BBD0C9 /* PhotosRepository.swift in Sources */ = {isa = PBXBuildFile; fileRef = 56DAA6912B64A95700BBD0C9 /* PhotosRepository.swift */; };
		56DAA6952B64A9A500BBD0C9 /* Photo.swift in Sources */ = {isa = PBXBuildFile; fileRef = 56DAA6942B64A9A500BBD0C9 /* Photo.swift */; };
		56DAA6982B64AA5C00BBD0C9 /* ImageDownloadService.swift in Sources */ = {isa = PBXBuildFile; fileRef = 56DAA6972B64AA5C00BBD0C9 /* ImageDownloadService.swift */; };
		56DAA69C2B64AF6700BBD0C9 /* PhotoPage.swift in Sources */ = {isa = PBXBuildFile; fileRef = 56DAA69B2B64AF6700BBD0C9 /* PhotoPage.swift */; };
		56DAA69F2B64AFFA00BBD0C9 /* PhotosRequestDTO.swift in Sources */ = {isa = PBXBuildFile; fileRef = 56DAA69E2B64AFFA00BBD0C9 /* PhotosRequestDTO.swift */; };
		56DAA6A42B64B0E700BBD0C9 /* PhotoURLsDTO.swift in Sources */ = {isa = PBXBuildFile; fileRef = 56DAA6A12B64B0E700BBD0C9 /* PhotoURLsDTO.swift */; };
		56DAA6A52B64B0E700BBD0C9 /* PhotosResponseDTO.swift in Sources */ = {isa = PBXBuildFile; fileRef = 56DAA6A22B64B0E700BBD0C9 /* PhotosResponseDTO.swift */; };
		56DAA6A82B64B1F500BBD0C9 /* photos_1.json in Resources */ = {isa = PBXBuildFile; fileRef = 56DAA6A72B64B1F500BBD0C9 /* photos_1.json */; };
		56DAA6AB2B64B8A500BBD0C9 /* PhotoData.swift in Sources */ = {isa = PBXBuildFile; fileRef = 56DAA6AA2B64B8A500BBD0C9 /* PhotoData.swift */; };
		56DAA6AD2B64B8C700BBD0C9 /* PhotoState.swift in Sources */ = {isa = PBXBuildFile; fileRef = 56DAA6AC2B64B8C700BBD0C9 /* PhotoState.swift */; };
		56DAA6AF2B64B8F200BBD0C9 /* PhotoCache.swift in Sources */ = {isa = PBXBuildFile; fileRef = 56DAA6AE2B64B8F200BBD0C9 /* PhotoCache.swift */; };
		56DAA6B12B64B90F00BBD0C9 /* ImageDownloaderError.swift in Sources */ = {isa = PBXBuildFile; fileRef = 56DAA6B02B64B90F00BBD0C9 /* ImageDownloaderError.swift */; };
		56DAA6B32B64B93700BBD0C9 /* DefaultPhotosRepository.swift in Sources */ = {isa = PBXBuildFile; fileRef = 56DAA6B22B64B93700BBD0C9 /* DefaultPhotosRepository.swift */; };
		56DAA6B62B64B96900BBD0C9 /* DefaultImageDownloadService.swift in Sources */ = {isa = PBXBuildFile; fileRef = 56DAA6B52B64B96900BBD0C9 /* DefaultImageDownloadService.swift */; };
		56DAA6B82B64B9A800BBD0C9 /* PhotoGalleryListViewModelTests.swift in Sources */ = {isa = PBXBuildFile; fileRef = 56DAA6B72B64B9A800BBD0C9 /* PhotoGalleryListViewModelTests.swift */; };
/* End PBXBuildFile section */

/* Begin PBXContainerItemProxy section */
		56DAA66A2B64A8BB00BBD0C9 /* PBXContainerItemProxy */ = {
			isa = PBXContainerItemProxy;
			containerPortal = 56DAA6512B64A8BA00BBD0C9 /* Project object */;
			proxyType = 1;
			remoteGlobalIDString = 56DAA6582B64A8BA00BBD0C9;
			remoteInfo = PhotoGallery;
		};
		56DAA6742B64A8BB00BBD0C9 /* PBXContainerItemProxy */ = {
			isa = PBXContainerItemProxy;
			containerPortal = 56DAA6512B64A8BA00BBD0C9 /* Project object */;
			proxyType = 1;
			remoteGlobalIDString = 56DAA6582B64A8BA00BBD0C9;
			remoteInfo = PhotoGallery;
		};
/* End PBXContainerItemProxy section */

/* Begin PBXFileReference section */
		5624DD1F2B667302004E24C8 /* PhotosDIContainerMock.swift */ = {isa = PBXFileReference; lastKnownFileType = sourcecode.swift; path = PhotosDIContainerMock.swift; sourceTree = "<group>"; };
		5624DD212B667329004E24C8 /* PhotosRepositoryMock.swift */ = {isa = PBXFileReference; lastKnownFileType = sourcecode.swift; path = PhotosRepositoryMock.swift; sourceTree = "<group>"; };
		5624DD242B667350004E24C8 /* Photo+Extension.swift */ = {isa = PBXFileReference; lastKnownFileType = sourcecode.swift; path = "Photo+Extension.swift"; sourceTree = "<group>"; };
		5624DD262B667422004E24C8 /* photos_2.json */ = {isa = PBXFileReference; fileEncoding = 4; lastKnownFileType = text.json; path = photos_2.json; sourceTree = "<group>"; };
		5624DD272B667422004E24C8 /* photos_3.json */ = {isa = PBXFileReference; fileEncoding = 4; lastKnownFileType = text.json; path = photos_3.json; sourceTree = "<group>"; };
		5624DD2A2B66809D004E24C8 /* PhotoData+Extension.swift */ = {isa = PBXFileReference; lastKnownFileType = sourcecode.swift; path = "PhotoData+Extension.swift"; sourceTree = "<group>"; };
		5624DD2C2B668681004E24C8 /* DefaultPhotosRepositoryTests.swift */ = {isa = PBXFileReference; lastKnownFileType = sourcecode.swift; path = DefaultPhotosRepositoryTests.swift; sourceTree = "<group>"; };
		5624DD2E2B668695004E24C8 /* ImageDownloadServiceMock.swift */ = {isa = PBXFileReference; lastKnownFileType = sourcecode.swift; path = ImageDownloadServiceMock.swift; sourceTree = "<group>"; };
		5624DD302B66871D004E24C8 /* PhotosResponseDTO.swift */ = {isa = PBXFileReference; lastKnownFileType = sourcecode.swift; path = PhotosResponseDTO.swift; sourceTree = "<group>"; };
		5624DD332B668B36004E24C8 /* test_image.png */ = {isa = PBXFileReference; lastKnownFileType = image.png; path = test_image.png; sourceTree = "<group>"; };
		5624DD362B668E88004E24C8 /* PublicFunctions.swift */ = {isa = PBXFileReference; lastKnownFileType = sourcecode.swift; path = PublicFunctions.swift; sourceTree = "<group>"; };
		5624DD3D2B66B42C004E24C8 /* PhotoGalleryViewController.swift */ = {isa = PBXFileReference; lastKnownFileType = sourcecode.swift; path = PhotoGalleryViewController.swift; sourceTree = "<group>"; };
		5624DD3F2B66B494004E24C8 /* PhotoLibraryControllerRepresentable.swift */ = {isa = PBXFileReference; lastKnownFileType = sourcecode.swift; path = PhotoLibraryControllerRepresentable.swift; sourceTree = "<group>"; };
		5624DD412B66B771004E24C8 /* PhotoGalleryViewModel.swift */ = {isa = PBXFileReference; lastKnownFileType = sourcecode.swift; path = PhotoGalleryViewModel.swift; sourceTree = "<group>"; };
		5624DD432B66BB77004E24C8 /* PhotoRowTVCellView.swift */ = {isa = PBXFileReference; lastKnownFileType = sourcecode.swift; path = PhotoRowTVCellView.swift; sourceTree = "<group>"; };
		5624DD462B66BD65004E24C8 /* Image+Extensions.swift */ = {isa = PBXFileReference; lastKnownFileType = sourcecode.swift; path = "Image+Extensions.swift"; sourceTree = "<group>"; };
		56DAA6592B64A8BA00BBD0C9 /* PhotoGallery.app */ = {isa = PBXFileReference; explicitFileType = wrapper.application; includeInIndex = 0; path = PhotoGallery.app; sourceTree = BUILT_PRODUCTS_DIR; };
		56DAA65C2B64A8BA00BBD0C9 /* PhotoGalleryApp.swift */ = {isa = PBXFileReference; lastKnownFileType = sourcecode.swift; path = PhotoGalleryApp.swift; sourceTree = "<group>"; };
		56DAA65E2B64A8BA00BBD0C9 /* ContentView.swift */ = {isa = PBXFileReference; lastKnownFileType = sourcecode.swift; path = ContentView.swift; sourceTree = "<group>"; };
		56DAA6602B64A8BB00BBD0C9 /* Assets.xcassets */ = {isa = PBXFileReference; lastKnownFileType = folder.assetcatalog; path = Assets.xcassets; sourceTree = "<group>"; };
		56DAA6632B64A8BB00BBD0C9 /* Preview Assets.xcassets */ = {isa = PBXFileReference; lastKnownFileType = folder.assetcatalog; path = "Preview Assets.xcassets"; sourceTree = "<group>"; };
		56DAA6692B64A8BB00BBD0C9 /* PhotoGalleryTests.xctest */ = {isa = PBXFileReference; explicitFileType = wrapper.cfbundle; includeInIndex = 0; path = PhotoGalleryTests.xctest; sourceTree = BUILT_PRODUCTS_DIR; };
		56DAA6732B64A8BB00BBD0C9 /* PhotoGalleryUITests.xctest */ = {isa = PBXFileReference; explicitFileType = wrapper.cfbundle; includeInIndex = 0; path = PhotoGalleryUITests.xctest; sourceTree = BUILT_PRODUCTS_DIR; };
		56DAA6772B64A8BB00BBD0C9 /* PhotoGalleryUITests.swift */ = {isa = PBXFileReference; lastKnownFileType = sourcecode.swift; path = PhotoGalleryUITests.swift; sourceTree = "<group>"; };
		56DAA6792B64A8BB00BBD0C9 /* PhotoGalleryUITestsLaunchTests.swift */ = {isa = PBXFileReference; lastKnownFileType = sourcecode.swift; path = PhotoGalleryUITestsLaunchTests.swift; sourceTree = "<group>"; };
		56DAA6862B64A8DD00BBD0C9 /* PhotoGalleryListViewModel.swift */ = {isa = PBXFileReference; fileEncoding = 4; lastKnownFileType = sourcecode.swift; path = PhotoGalleryListViewModel.swift; sourceTree = "<group>"; };
		56DAA6872B64A8DD00BBD0C9 /* PhotoGalleryListView.swift */ = {isa = PBXFileReference; fileEncoding = 4; lastKnownFileType = sourcecode.swift; path = PhotoGalleryListView.swift; sourceTree = "<group>"; };
		56DAA68D2B64A92B00BBD0C9 /* PhotosDIContainer.swift */ = {isa = PBXFileReference; lastKnownFileType = sourcecode.swift; path = PhotosDIContainer.swift; sourceTree = "<group>"; };
		56DAA6912B64A95700BBD0C9 /* PhotosRepository.swift */ = {isa = PBXFileReference; lastKnownFileType = sourcecode.swift; path = PhotosRepository.swift; sourceTree = "<group>"; };
		56DAA6942B64A9A500BBD0C9 /* Photo.swift */ = {isa = PBXFileReference; lastKnownFileType = sourcecode.swift; path = Photo.swift; sourceTree = "<group>"; };
		56DAA6972B64AA5C00BBD0C9 /* ImageDownloadService.swift */ = {isa = PBXFileReference; lastKnownFileType = sourcecode.swift; path = ImageDownloadService.swift; sourceTree = "<group>"; };
		56DAA69B2B64AF6700BBD0C9 /* PhotoPage.swift */ = {isa = PBXFileReference; lastKnownFileType = sourcecode.swift; path = PhotoPage.swift; sourceTree = "<group>"; };
		56DAA69E2B64AFFA00BBD0C9 /* PhotosRequestDTO.swift */ = {isa = PBXFileReference; lastKnownFileType = sourcecode.swift; path = PhotosRequestDTO.swift; sourceTree = "<group>"; };
		56DAA6A12B64B0E700BBD0C9 /* PhotoURLsDTO.swift */ = {isa = PBXFileReference; fileEncoding = 4; lastKnownFileType = sourcecode.swift; path = PhotoURLsDTO.swift; sourceTree = "<group>"; };
		56DAA6A22B64B0E700BBD0C9 /* PhotosResponseDTO.swift */ = {isa = PBXFileReference; fileEncoding = 4; lastKnownFileType = sourcecode.swift; path = PhotosResponseDTO.swift; sourceTree = "<group>"; };
		56DAA6A72B64B1F500BBD0C9 /* photos_1.json */ = {isa = PBXFileReference; fileEncoding = 4; lastKnownFileType = text.json; path = photos_1.json; sourceTree = "<group>"; };
		56DAA6AA2B64B8A500BBD0C9 /* PhotoData.swift */ = {isa = PBXFileReference; lastKnownFileType = sourcecode.swift; path = PhotoData.swift; sourceTree = "<group>"; };
		56DAA6AC2B64B8C700BBD0C9 /* PhotoState.swift */ = {isa = PBXFileReference; lastKnownFileType = sourcecode.swift; path = PhotoState.swift; sourceTree = "<group>"; };
		56DAA6AE2B64B8F200BBD0C9 /* PhotoCache.swift */ = {isa = PBXFileReference; lastKnownFileType = sourcecode.swift; path = PhotoCache.swift; sourceTree = "<group>"; };
		56DAA6B02B64B90F00BBD0C9 /* ImageDownloaderError.swift */ = {isa = PBXFileReference; lastKnownFileType = sourcecode.swift; path = ImageDownloaderError.swift; sourceTree = "<group>"; };
		56DAA6B22B64B93700BBD0C9 /* DefaultPhotosRepository.swift */ = {isa = PBXFileReference; lastKnownFileType = sourcecode.swift; path = DefaultPhotosRepository.swift; sourceTree = "<group>"; };
		56DAA6B52B64B96900BBD0C9 /* DefaultImageDownloadService.swift */ = {isa = PBXFileReference; lastKnownFileType = sourcecode.swift; path = DefaultImageDownloadService.swift; sourceTree = "<group>"; };
		56DAA6B72B64B9A800BBD0C9 /* PhotoGalleryListViewModelTests.swift */ = {isa = PBXFileReference; lastKnownFileType = sourcecode.swift; path = PhotoGalleryListViewModelTests.swift; sourceTree = "<group>"; };
/* End PBXFileReference section */

/* Begin PBXFrameworksBuildPhase section */
		56DAA6562B64A8BA00BBD0C9 /* Frameworks */ = {
			isa = PBXFrameworksBuildPhase;
			buildActionMask = 2147483647;
			files = (
			);
			runOnlyForDeploymentPostprocessing = 0;
		};
		56DAA6662B64A8BB00BBD0C9 /* Frameworks */ = {
			isa = PBXFrameworksBuildPhase;
			buildActionMask = 2147483647;
			files = (
			);
			runOnlyForDeploymentPostprocessing = 0;
		};
		56DAA6702B64A8BB00BBD0C9 /* Frameworks */ = {
			isa = PBXFrameworksBuildPhase;
			buildActionMask = 2147483647;
			files = (
			);
			runOnlyForDeploymentPostprocessing = 0;
		};
/* End PBXFrameworksBuildPhase section */

/* Begin PBXGroup section */
		5624DD1E2B6672FB004E24C8 /* Mocks */ = {
			isa = PBXGroup;
			children = (
				5624DD2E2B668695004E24C8 /* ImageDownloadServiceMock.swift */,
				5624DD1F2B667302004E24C8 /* PhotosDIContainerMock.swift */,
				5624DD212B667329004E24C8 /* PhotosRepositoryMock.swift */,
			);
			path = Mocks;
			sourceTree = "<group>";
		};
		5624DD232B667349004E24C8 /* Extensions */ = {
			isa = PBXGroup;
			children = (
				5624DD242B667350004E24C8 /* Photo+Extension.swift */,
				5624DD2A2B66809D004E24C8 /* PhotoData+Extension.swift */,
				5624DD302B66871D004E24C8 /* PhotosResponseDTO.swift */,
			);
			path = Extensions;
			sourceTree = "<group>";
		};
		5624DD322B668AC7004E24C8 /* Resources */ = {
			isa = PBXGroup;
			children = (
				5624DD332B668B36004E24C8 /* test_image.png */,
			);
			path = Resources;
			sourceTree = "<group>";
		};
		5624DD352B668E7B004E24C8 /* Helper */ = {
			isa = PBXGroup;
			children = (
				5624DD362B668E88004E24C8 /* PublicFunctions.swift */,
			);
			path = Helper;
			sourceTree = "<group>";
		};
		5624DD3A2B66B3EE004E24C8 /* Shared */ = {
			isa = PBXGroup;
			children = (
				5624DD452B66BD5C004E24C8 /* Extensions */,
				56DAA68C2B64A91D00BBD0C9 /* DIContainer */,
				56DAA68F2B64A94700BBD0C9 /* Domain */,
				56DAA6962B64AA5100BBD0C9 /* Infrastructure */,
			);
			path = Shared;
			sourceTree = "<group>";
		};
		5624DD3B2B66B40C004E24C8 /* SwiftUI */ = {
			isa = PBXGroup;
			children = (
				56DAA68A2B64A8FD00BBD0C9 /* Modules */,
			);
			path = SwiftUI;
			sourceTree = "<group>";
		};
		5624DD3C2B66B412004E24C8 /* UIKit */ = {
			isa = PBXGroup;
			children = (
				5624DD3D2B66B42C004E24C8 /* PhotoGalleryViewController.swift */,
				5624DD3F2B66B494004E24C8 /* PhotoLibraryControllerRepresentable.swift */,
				5624DD412B66B771004E24C8 /* PhotoGalleryViewModel.swift */,
				5624DD432B66BB77004E24C8 /* PhotoRowTVCellView.swift */,
			);
			path = UIKit;
			sourceTree = "<group>";
		};
		5624DD452B66BD5C004E24C8 /* Extensions */ = {
			isa = PBXGroup;
			children = (
				5624DD462B66BD65004E24C8 /* Image+Extensions.swift */,
			);
			path = Extensions;
			sourceTree = "<group>";
		};
		56DAA6502B64A8BA00BBD0C9 = {
			isa = PBXGroup;
			children = (
				56DAA65B2B64A8BA00BBD0C9 /* PhotoGallery */,
				56DAA66C2B64A8BB00BBD0C9 /* PhotoGalleryTests */,
				56DAA6762B64A8BB00BBD0C9 /* PhotoGalleryUITests */,
				56DAA65A2B64A8BA00BBD0C9 /* Products */,
			);
			sourceTree = "<group>";
		};
		56DAA65A2B64A8BA00BBD0C9 /* Products */ = {
			isa = PBXGroup;
			children = (
				56DAA6592B64A8BA00BBD0C9 /* PhotoGallery.app */,
				56DAA6692B64A8BB00BBD0C9 /* PhotoGalleryTests.xctest */,
				56DAA6732B64A8BB00BBD0C9 /* PhotoGalleryUITests.xctest */,
			);
			name = Products;
			sourceTree = "<group>";
		};
		56DAA65B2B64A8BA00BBD0C9 /* PhotoGallery */ = {
			isa = PBXGroup;
			children = (
				56DAA68B2B64A90300BBD0C9 /* Application */,
				5624DD3A2B66B3EE004E24C8 /* Shared */,
				5624DD3C2B66B412004E24C8 /* UIKit */,
				5624DD3B2B66B40C004E24C8 /* SwiftUI */,
				56DAA6A92B64B1F800BBD0C9 /* Resources */,
				56DAA6622B64A8BB00BBD0C9 /* Preview Content */,
			);
			path = PhotoGallery;
			sourceTree = "<group>";
		};
		56DAA6622B64A8BB00BBD0C9 /* Preview Content */ = {
			isa = PBXGroup;
			children = (
				56DAA6632B64A8BB00BBD0C9 /* Preview Assets.xcassets */,
			);
			path = "Preview Content";
			sourceTree = "<group>";
		};
		56DAA66C2B64A8BB00BBD0C9 /* PhotoGalleryTests */ = {
			isa = PBXGroup;
			children = (
				5624DD2C2B668681004E24C8 /* DefaultPhotosRepositoryTests.swift */,
				56DAA6B72B64B9A800BBD0C9 /* PhotoGalleryListViewModelTests.swift */,
				5624DD352B668E7B004E24C8 /* Helper */,
				5624DD232B667349004E24C8 /* Extensions */,
				5624DD1E2B6672FB004E24C8 /* Mocks */,
				5624DD322B668AC7004E24C8 /* Resources */,
			);
			path = PhotoGalleryTests;
			sourceTree = "<group>";
		};
		56DAA6762B64A8BB00BBD0C9 /* PhotoGalleryUITests */ = {
			isa = PBXGroup;
			children = (
				56DAA6772B64A8BB00BBD0C9 /* PhotoGalleryUITests.swift */,
				56DAA6792B64A8BB00BBD0C9 /* PhotoGalleryUITestsLaunchTests.swift */,
			);
			path = PhotoGalleryUITests;
			sourceTree = "<group>";
		};
		56DAA68A2B64A8FD00BBD0C9 /* Modules */ = {
			isa = PBXGroup;
			children = (
				56DAA6872B64A8DD00BBD0C9 /* PhotoGalleryListView.swift */,
				56DAA6862B64A8DD00BBD0C9 /* PhotoGalleryListViewModel.swift */,
			);
			path = Modules;
			sourceTree = "<group>";
		};
		56DAA68B2B64A90300BBD0C9 /* Application */ = {
			isa = PBXGroup;
			children = (
				56DAA65C2B64A8BA00BBD0C9 /* PhotoGalleryApp.swift */,
			);
			path = Application;
			sourceTree = "<group>";
		};
		56DAA68C2B64A91D00BBD0C9 /* DIContainer */ = {
			isa = PBXGroup;
			children = (
				56DAA65E2B64A8BA00BBD0C9 /* ContentView.swift */,
				56DAA68D2B64A92B00BBD0C9 /* PhotosDIContainer.swift */,
			);
			path = DIContainer;
			sourceTree = "<group>";
		};
		56DAA68F2B64A94700BBD0C9 /* Domain */ = {
			isa = PBXGroup;
			children = (
				56DAA69D2B64AFE600BBD0C9 /* Data */,
				56DAA6932B64A99600BBD0C9 /* Entities */,
				56DAA6902B64A94E00BBD0C9 /* Repositories */,
			);
			path = Domain;
			sourceTree = "<group>";
		};
		56DAA6902B64A94E00BBD0C9 /* Repositories */ = {
			isa = PBXGroup;
			children = (
				56DAA6912B64A95700BBD0C9 /* PhotosRepository.swift */,
				56DAA6B22B64B93700BBD0C9 /* DefaultPhotosRepository.swift */,
				56DAA6B42B64B94E00BBD0C9 /* Data */,
			);
			path = Repositories;
			sourceTree = "<group>";
		};
		56DAA6932B64A99600BBD0C9 /* Entities */ = {
			isa = PBXGroup;
			children = (
				56DAA6942B64A9A500BBD0C9 /* Photo.swift */,
				56DAA69B2B64AF6700BBD0C9 /* PhotoPage.swift */,
				56DAA6AA2B64B8A500BBD0C9 /* PhotoData.swift */,
				56DAA6AC2B64B8C700BBD0C9 /* PhotoState.swift */,
				56DAA6AE2B64B8F200BBD0C9 /* PhotoCache.swift */,
			);
			path = Entities;
			sourceTree = "<group>";
		};
		56DAA6962B64AA5100BBD0C9 /* Infrastructure */ = {
			isa = PBXGroup;
			children = (
				56DAA6992B64AB1900BBD0C9 /* NetworServices */,
			);
			path = Infrastructure;
			sourceTree = "<group>";
		};
		56DAA6992B64AB1900BBD0C9 /* NetworServices */ = {
			isa = PBXGroup;
			children = (
				56DAA6972B64AA5C00BBD0C9 /* ImageDownloadService.swift */,
				56DAA6B52B64B96900BBD0C9 /* DefaultImageDownloadService.swift */,
			);
			path = NetworServices;
			sourceTree = "<group>";
		};
		56DAA69D2B64AFE600BBD0C9 /* Data */ = {
			isa = PBXGroup;
			children = (
				56DAA6A02B64B0D100BBD0C9 /* DataMapping */,
				56DAA69E2B64AFFA00BBD0C9 /* PhotosRequestDTO.swift */,
			);
			path = Data;
			sourceTree = "<group>";
		};
		56DAA6A02B64B0D100BBD0C9 /* DataMapping */ = {
			isa = PBXGroup;
			children = (
				56DAA6A22B64B0E700BBD0C9 /* PhotosResponseDTO.swift */,
				56DAA6A12B64B0E700BBD0C9 /* PhotoURLsDTO.swift */,
			);
			path = DataMapping;
			sourceTree = "<group>";
		};
		56DAA6A92B64B1F800BBD0C9 /* Resources */ = {
			isa = PBXGroup;
			children = (
				56DAA6602B64A8BB00BBD0C9 /* Assets.xcassets */,
				56DAA6A72B64B1F500BBD0C9 /* photos_1.json */,
				5624DD262B667422004E24C8 /* photos_2.json */,
				5624DD272B667422004E24C8 /* photos_3.json */,
			);
			path = Resources;
			sourceTree = "<group>";
		};
		56DAA6B42B64B94E00BBD0C9 /* Data */ = {
			isa = PBXGroup;
			children = (
				56DAA6B02B64B90F00BBD0C9 /* ImageDownloaderError.swift */,
			);
			path = Data;
			sourceTree = "<group>";
		};
/* End PBXGroup section */

/* Begin PBXNativeTarget section */
		56DAA6582B64A8BA00BBD0C9 /* PhotoGallery */ = {
			isa = PBXNativeTarget;
			buildConfigurationList = 56DAA67D2B64A8BB00BBD0C9 /* Build configuration list for PBXNativeTarget "PhotoGallery" */;
			buildPhases = (
				56DAA6552B64A8BA00BBD0C9 /* Sources */,
				56DAA6562B64A8BA00BBD0C9 /* Frameworks */,
				56DAA6572B64A8BA00BBD0C9 /* Resources */,
			);
			buildRules = (
			);
			dependencies = (
			);
			name = PhotoGallery;
			productName = PhotoGallery;
			productReference = 56DAA6592B64A8BA00BBD0C9 /* PhotoGallery.app */;
			productType = "com.apple.product-type.application";
		};
		56DAA6682B64A8BB00BBD0C9 /* PhotoGalleryTests */ = {
			isa = PBXNativeTarget;
			buildConfigurationList = 56DAA6802B64A8BB00BBD0C9 /* Build configuration list for PBXNativeTarget "PhotoGalleryTests" */;
			buildPhases = (
				56DAA6652B64A8BB00BBD0C9 /* Sources */,
				56DAA6662B64A8BB00BBD0C9 /* Frameworks */,
				56DAA6672B64A8BB00BBD0C9 /* Resources */,
			);
			buildRules = (
			);
			dependencies = (
				56DAA66B2B64A8BB00BBD0C9 /* PBXTargetDependency */,
			);
			name = PhotoGalleryTests;
			productName = PhotoGalleryTests;
			productReference = 56DAA6692B64A8BB00BBD0C9 /* PhotoGalleryTests.xctest */;
			productType = "com.apple.product-type.bundle.unit-test";
		};
		56DAA6722B64A8BB00BBD0C9 /* PhotoGalleryUITests */ = {
			isa = PBXNativeTarget;
			buildConfigurationList = 56DAA6832B64A8BB00BBD0C9 /* Build configuration list for PBXNativeTarget "PhotoGalleryUITests" */;
			buildPhases = (
				56DAA66F2B64A8BB00BBD0C9 /* Sources */,
				56DAA6702B64A8BB00BBD0C9 /* Frameworks */,
				56DAA6712B64A8BB00BBD0C9 /* Resources */,
			);
			buildRules = (
			);
			dependencies = (
				56DAA6752B64A8BB00BBD0C9 /* PBXTargetDependency */,
			);
			name = PhotoGalleryUITests;
			productName = PhotoGalleryUITests;
			productReference = 56DAA6732B64A8BB00BBD0C9 /* PhotoGalleryUITests.xctest */;
			productType = "com.apple.product-type.bundle.ui-testing";
		};
/* End PBXNativeTarget section */

/* Begin PBXProject section */
		56DAA6512B64A8BA00BBD0C9 /* Project object */ = {
			isa = PBXProject;
			attributes = {
				BuildIndependentTargetsInParallel = 1;
				LastSwiftUpdateCheck = 1510;
				LastUpgradeCheck = 1510;
				TargetAttributes = {
					56DAA6582B64A8BA00BBD0C9 = {
						CreatedOnToolsVersion = 15.1;
					};
					56DAA6682B64A8BB00BBD0C9 = {
						CreatedOnToolsVersion = 15.1;
						TestTargetID = 56DAA6582B64A8BA00BBD0C9;
					};
					56DAA6722B64A8BB00BBD0C9 = {
						CreatedOnToolsVersion = 15.1;
						TestTargetID = 56DAA6582B64A8BA00BBD0C9;
					};
				};
			};
			buildConfigurationList = 56DAA6542B64A8BA00BBD0C9 /* Build configuration list for PBXProject "PhotoGallery" */;
			compatibilityVersion = "Xcode 14.0";
			developmentRegion = en;
			hasScannedForEncodings = 0;
			knownRegions = (
				en,
				Base,
			);
			mainGroup = 56DAA6502B64A8BA00BBD0C9;
			productRefGroup = 56DAA65A2B64A8BA00BBD0C9 /* Products */;
			projectDirPath = "";
			projectRoot = "";
			targets = (
				56DAA6582B64A8BA00BBD0C9 /* PhotoGallery */,
				56DAA6682B64A8BB00BBD0C9 /* PhotoGalleryTests */,
				56DAA6722B64A8BB00BBD0C9 /* PhotoGalleryUITests */,
			);
		};
/* End PBXProject section */

/* Begin PBXResourcesBuildPhase section */
		56DAA6572B64A8BA00BBD0C9 /* Resources */ = {
			isa = PBXResourcesBuildPhase;
			buildActionMask = 2147483647;
			files = (
				56DAA6642B64A8BB00BBD0C9 /* Preview Assets.xcassets in Resources */,
				56DAA6A82B64B1F500BBD0C9 /* photos_1.json in Resources */,
				5624DD292B667422004E24C8 /* photos_3.json in Resources */,
				56DAA6612B64A8BB00BBD0C9 /* Assets.xcassets in Resources */,
				5624DD282B667422004E24C8 /* photos_2.json in Resources */,
			);
			runOnlyForDeploymentPostprocessing = 0;
		};
		56DAA6672B64A8BB00BBD0C9 /* Resources */ = {
			isa = PBXResourcesBuildPhase;
			buildActionMask = 2147483647;
			files = (
				5624DD342B668B36004E24C8 /* test_image.png in Resources */,
			);
			runOnlyForDeploymentPostprocessing = 0;
		};
		56DAA6712B64A8BB00BBD0C9 /* Resources */ = {
			isa = PBXResourcesBuildPhase;
			buildActionMask = 2147483647;
			files = (
			);
			runOnlyForDeploymentPostprocessing = 0;
		};
/* End PBXResourcesBuildPhase section */

/* Begin PBXSourcesBuildPhase section */
		56DAA6552B64A8BA00BBD0C9 /* Sources */ = {
			isa = PBXSourcesBuildPhase;
			buildActionMask = 2147483647;
			files = (
				56DAA69F2B64AFFA00BBD0C9 /* PhotosRequestDTO.swift in Sources */,
				56DAA6B12B64B90F00BBD0C9 /* ImageDownloaderError.swift in Sources */,
				5624DD3E2B66B42C004E24C8 /* PhotoGalleryViewController.swift in Sources */,
				56DAA6952B64A9A500BBD0C9 /* Photo.swift in Sources */,
				56DAA6AF2B64B8F200BBD0C9 /* PhotoCache.swift in Sources */,
				56DAA69C2B64AF6700BBD0C9 /* PhotoPage.swift in Sources */,
				56DAA6982B64AA5C00BBD0C9 /* ImageDownloadService.swift in Sources */,
				56DAA6882B64A8DD00BBD0C9 /* PhotoGalleryListViewModel.swift in Sources */,
				5624DD442B66BB77004E24C8 /* PhotoRowTVCellView.swift in Sources */,
				5624DD402B66B494004E24C8 /* PhotoLibraryControllerRepresentable.swift in Sources */,
				56DAA65F2B64A8BA00BBD0C9 /* ContentView.swift in Sources */,
				5624DD422B66B771004E24C8 /* PhotoGalleryViewModel.swift in Sources */,
				56DAA6922B64A95700BBD0C9 /* PhotosRepository.swift in Sources */,
				56DAA6892B64A8DD00BBD0C9 /* PhotoGalleryListView.swift in Sources */,
				56DAA68E2B64A92B00BBD0C9 /* PhotosDIContainer.swift in Sources */,
				5624DD472B66BD65004E24C8 /* Image+Extensions.swift in Sources */,
				56DAA6A52B64B0E700BBD0C9 /* PhotosResponseDTO.swift in Sources */,
				56DAA65D2B64A8BA00BBD0C9 /* PhotoGalleryApp.swift in Sources */,
				56DAA6B32B64B93700BBD0C9 /* DefaultPhotosRepository.swift in Sources */,
				56DAA6A42B64B0E700BBD0C9 /* PhotoURLsDTO.swift in Sources */,
				56DAA6AD2B64B8C700BBD0C9 /* PhotoState.swift in Sources */,
				56DAA6AB2B64B8A500BBD0C9 /* PhotoData.swift in Sources */,
				56DAA6B62B64B96900BBD0C9 /* DefaultImageDownloadService.swift in Sources */,
			);
			runOnlyForDeploymentPostprocessing = 0;
		};
		56DAA6652B64A8BB00BBD0C9 /* Sources */ = {
			isa = PBXSourcesBuildPhase;
			buildActionMask = 2147483647;
			files = (
				5624DD2F2B668695004E24C8 /* ImageDownloadServiceMock.swift in Sources */,
				5624DD2D2B668681004E24C8 /* DefaultPhotosRepositoryTests.swift in Sources */,
				5624DD222B667329004E24C8 /* PhotosRepositoryMock.swift in Sources */,
				56DAA6B82B64B9A800BBD0C9 /* PhotoGalleryListViewModelTests.swift in Sources */,
				5624DD252B667350004E24C8 /* Photo+Extension.swift in Sources */,
				5624DD312B66871D004E24C8 /* PhotosResponseDTO.swift in Sources */,
				5624DD2B2B66809D004E24C8 /* PhotoData+Extension.swift in Sources */,
				5624DD202B667302004E24C8 /* PhotosDIContainerMock.swift in Sources */,
				5624DD372B668E88004E24C8 /* PublicFunctions.swift in Sources */,
			);
			runOnlyForDeploymentPostprocessing = 0;
		};
		56DAA66F2B64A8BB00BBD0C9 /* Sources */ = {
			isa = PBXSourcesBuildPhase;
			buildActionMask = 2147483647;
			files = (
				56DAA67A2B64A8BB00BBD0C9 /* PhotoGalleryUITestsLaunchTests.swift in Sources */,
				56DAA6782B64A8BB00BBD0C9 /* PhotoGalleryUITests.swift in Sources */,
			);
			runOnlyForDeploymentPostprocessing = 0;
		};
/* End PBXSourcesBuildPhase section */

/* Begin PBXTargetDependency section */
		56DAA66B2B64A8BB00BBD0C9 /* PBXTargetDependency */ = {
			isa = PBXTargetDependency;
			target = 56DAA6582B64A8BA00BBD0C9 /* PhotoGallery */;
			targetProxy = 56DAA66A2B64A8BB00BBD0C9 /* PBXContainerItemProxy */;
		};
		56DAA6752B64A8BB00BBD0C9 /* PBXTargetDependency */ = {
			isa = PBXTargetDependency;
			target = 56DAA6582B64A8BA00BBD0C9 /* PhotoGallery */;
			targetProxy = 56DAA6742B64A8BB00BBD0C9 /* PBXContainerItemProxy */;
		};
/* End PBXTargetDependency section */

/* Begin XCBuildConfiguration section */
		56DAA67B2B64A8BB00BBD0C9 /* Debug */ = {
			isa = XCBuildConfiguration;
			buildSettings = {
				ALWAYS_SEARCH_USER_PATHS = NO;
				ASSETCATALOG_COMPILER_GENERATE_SWIFT_ASSET_SYMBOL_EXTENSIONS = YES;
				CLANG_ANALYZER_NONNULL = YES;
				CLANG_ANALYZER_NUMBER_OBJECT_CONVERSION = YES_AGGRESSIVE;
				CLANG_CXX_LANGUAGE_STANDARD = "gnu++20";
				CLANG_ENABLE_MODULES = YES;
				CLANG_ENABLE_OBJC_ARC = YES;
				CLANG_ENABLE_OBJC_WEAK = YES;
				CLANG_WARN_BLOCK_CAPTURE_AUTORELEASING = YES;
				CLANG_WARN_BOOL_CONVERSION = YES;
				CLANG_WARN_COMMA = YES;
				CLANG_WARN_CONSTANT_CONVERSION = YES;
				CLANG_WARN_DEPRECATED_OBJC_IMPLEMENTATIONS = YES;
				CLANG_WARN_DIRECT_OBJC_ISA_USAGE = YES_ERROR;
				CLANG_WARN_DOCUMENTATION_COMMENTS = YES;
				CLANG_WARN_EMPTY_BODY = YES;
				CLANG_WARN_ENUM_CONVERSION = YES;
				CLANG_WARN_INFINITE_RECURSION = YES;
				CLANG_WARN_INT_CONVERSION = YES;
				CLANG_WARN_NON_LITERAL_NULL_CONVERSION = YES;
				CLANG_WARN_OBJC_IMPLICIT_RETAIN_SELF = YES;
				CLANG_WARN_OBJC_LITERAL_CONVERSION = YES;
				CLANG_WARN_OBJC_ROOT_CLASS = YES_ERROR;
				CLANG_WARN_QUOTED_INCLUDE_IN_FRAMEWORK_HEADER = YES;
				CLANG_WARN_RANGE_LOOP_ANALYSIS = YES;
				CLANG_WARN_STRICT_PROTOTYPES = YES;
				CLANG_WARN_SUSPICIOUS_MOVE = YES;
				CLANG_WARN_UNGUARDED_AVAILABILITY = YES_AGGRESSIVE;
				CLANG_WARN_UNREACHABLE_CODE = YES;
				CLANG_WARN__DUPLICATE_METHOD_MATCH = YES;
				COPY_PHASE_STRIP = NO;
				DEBUG_INFORMATION_FORMAT = dwarf;
				ENABLE_STRICT_OBJC_MSGSEND = YES;
				ENABLE_TESTABILITY = YES;
				ENABLE_USER_SCRIPT_SANDBOXING = YES;
				GCC_C_LANGUAGE_STANDARD = gnu17;
				GCC_DYNAMIC_NO_PIC = NO;
				GCC_NO_COMMON_BLOCKS = YES;
				GCC_OPTIMIZATION_LEVEL = 0;
				GCC_PREPROCESSOR_DEFINITIONS = (
					"DEBUG=1",
					"$(inherited)",
				);
				GCC_WARN_64_TO_32_BIT_CONVERSION = YES;
				GCC_WARN_ABOUT_RETURN_TYPE = YES_ERROR;
				GCC_WARN_UNDECLARED_SELECTOR = YES;
				GCC_WARN_UNINITIALIZED_AUTOS = YES_AGGRESSIVE;
				GCC_WARN_UNUSED_FUNCTION = YES;
				GCC_WARN_UNUSED_VARIABLE = YES;
				IPHONEOS_DEPLOYMENT_TARGET = 17.2;
				LOCALIZATION_PREFERS_STRING_CATALOGS = YES;
				MTL_ENABLE_DEBUG_INFO = INCLUDE_SOURCE;
				MTL_FAST_MATH = YES;
				ONLY_ACTIVE_ARCH = YES;
				SDKROOT = iphoneos;
				SWIFT_ACTIVE_COMPILATION_CONDITIONS = "DEBUG $(inherited)";
				SWIFT_OPTIMIZATION_LEVEL = "-Onone";
			};
			name = Debug;
		};
		56DAA67C2B64A8BB00BBD0C9 /* Release */ = {
			isa = XCBuildConfiguration;
			buildSettings = {
				ALWAYS_SEARCH_USER_PATHS = NO;
				ASSETCATALOG_COMPILER_GENERATE_SWIFT_ASSET_SYMBOL_EXTENSIONS = YES;
				CLANG_ANALYZER_NONNULL = YES;
				CLANG_ANALYZER_NUMBER_OBJECT_CONVERSION = YES_AGGRESSIVE;
				CLANG_CXX_LANGUAGE_STANDARD = "gnu++20";
				CLANG_ENABLE_MODULES = YES;
				CLANG_ENABLE_OBJC_ARC = YES;
				CLANG_ENABLE_OBJC_WEAK = YES;
				CLANG_WARN_BLOCK_CAPTURE_AUTORELEASING = YES;
				CLANG_WARN_BOOL_CONVERSION = YES;
				CLANG_WARN_COMMA = YES;
				CLANG_WARN_CONSTANT_CONVERSION = YES;
				CLANG_WARN_DEPRECATED_OBJC_IMPLEMENTATIONS = YES;
				CLANG_WARN_DIRECT_OBJC_ISA_USAGE = YES_ERROR;
				CLANG_WARN_DOCUMENTATION_COMMENTS = YES;
				CLANG_WARN_EMPTY_BODY = YES;
				CLANG_WARN_ENUM_CONVERSION = YES;
				CLANG_WARN_INFINITE_RECURSION = YES;
				CLANG_WARN_INT_CONVERSION = YES;
				CLANG_WARN_NON_LITERAL_NULL_CONVERSION = YES;
				CLANG_WARN_OBJC_IMPLICIT_RETAIN_SELF = YES;
				CLANG_WARN_OBJC_LITERAL_CONVERSION = YES;
				CLANG_WARN_OBJC_ROOT_CLASS = YES_ERROR;
				CLANG_WARN_QUOTED_INCLUDE_IN_FRAMEWORK_HEADER = YES;
				CLANG_WARN_RANGE_LOOP_ANALYSIS = YES;
				CLANG_WARN_STRICT_PROTOTYPES = YES;
				CLANG_WARN_SUSPICIOUS_MOVE = YES;
				CLANG_WARN_UNGUARDED_AVAILABILITY = YES_AGGRESSIVE;
				CLANG_WARN_UNREACHABLE_CODE = YES;
				CLANG_WARN__DUPLICATE_METHOD_MATCH = YES;
				COPY_PHASE_STRIP = NO;
				DEBUG_INFORMATION_FORMAT = "dwarf-with-dsym";
				ENABLE_NS_ASSERTIONS = NO;
				ENABLE_STRICT_OBJC_MSGSEND = YES;
				ENABLE_USER_SCRIPT_SANDBOXING = YES;
				GCC_C_LANGUAGE_STANDARD = gnu17;
				GCC_NO_COMMON_BLOCKS = YES;
				GCC_WARN_64_TO_32_BIT_CONVERSION = YES;
				GCC_WARN_ABOUT_RETURN_TYPE = YES_ERROR;
				GCC_WARN_UNDECLARED_SELECTOR = YES;
				GCC_WARN_UNINITIALIZED_AUTOS = YES_AGGRESSIVE;
				GCC_WARN_UNUSED_FUNCTION = YES;
				GCC_WARN_UNUSED_VARIABLE = YES;
				IPHONEOS_DEPLOYMENT_TARGET = 17.2;
				LOCALIZATION_PREFERS_STRING_CATALOGS = YES;
				MTL_ENABLE_DEBUG_INFO = NO;
				MTL_FAST_MATH = YES;
				SDKROOT = iphoneos;
				SWIFT_COMPILATION_MODE = wholemodule;
				VALIDATE_PRODUCT = YES;
			};
			name = Release;
		};
		56DAA67E2B64A8BB00BBD0C9 /* Debug */ = {
			isa = XCBuildConfiguration;
			buildSettings = {
				ASSETCATALOG_COMPILER_APPICON_NAME = AppIcon;
				ASSETCATALOG_COMPILER_GLOBAL_ACCENT_COLOR_NAME = AccentColor;
				CODE_SIGN_STYLE = Automatic;
				CURRENT_PROJECT_VERSION = 1;
				DEVELOPMENT_ASSET_PATHS = "\"PhotoGallery/Preview Content\"";
				DEVELOPMENT_TEAM = UY69P266SE;
				ENABLE_PREVIEWS = YES;
				GENERATE_INFOPLIST_FILE = YES;
				INFOPLIST_KEY_UIApplicationSceneManifest_Generation = YES;
				INFOPLIST_KEY_UIApplicationSupportsIndirectInputEvents = YES;
				INFOPLIST_KEY_UILaunchScreen_Generation = YES;
				INFOPLIST_KEY_UISupportedInterfaceOrientations_iPad = "UIInterfaceOrientationPortrait UIInterfaceOrientationPortraitUpsideDown UIInterfaceOrientationLandscapeLeft UIInterfaceOrientationLandscapeRight";
				INFOPLIST_KEY_UISupportedInterfaceOrientations_iPhone = "UIInterfaceOrientationPortrait UIInterfaceOrientationLandscapeLeft UIInterfaceOrientationLandscapeRight";
				LD_RUNPATH_SEARCH_PATHS = (
					"$(inherited)",
					"@executable_path/Frameworks",
				);
				MARKETING_VERSION = 1.0;
				PRODUCT_BUNDLE_IDENTIFIER = com.yhondri.PhotoGallery;
				PRODUCT_NAME = "$(TARGET_NAME)";
				SWIFT_EMIT_LOC_STRINGS = YES;
				SWIFT_VERSION = 5.0;
				TARGETED_DEVICE_FAMILY = "1,2";
			};
			name = Debug;
		};
		56DAA67F2B64A8BB00BBD0C9 /* Release */ = {
			isa = XCBuildConfiguration;
			buildSettings = {
				ASSETCATALOG_COMPILER_APPICON_NAME = AppIcon;
				ASSETCATALOG_COMPILER_GLOBAL_ACCENT_COLOR_NAME = AccentColor;
				CODE_SIGN_STYLE = Automatic;
				CURRENT_PROJECT_VERSION = 1;
				DEVELOPMENT_ASSET_PATHS = "\"PhotoGallery/Preview Content\"";
				DEVELOPMENT_TEAM = UY69P266SE;
				ENABLE_PREVIEWS = YES;
				GENERATE_INFOPLIST_FILE = YES;
				INFOPLIST_KEY_UIApplicationSceneManifest_Generation = YES;
				INFOPLIST_KEY_UIApplicationSupportsIndirectInputEvents = YES;
				INFOPLIST_KEY_UILaunchScreen_Generation = YES;
				INFOPLIST_KEY_UISupportedInterfaceOrientations_iPad = "UIInterfaceOrientationPortrait UIInterfaceOrientationPortraitUpsideDown UIInterfaceOrientationLandscapeLeft UIInterfaceOrientationLandscapeRight";
				INFOPLIST_KEY_UISupportedInterfaceOrientations_iPhone = "UIInterfaceOrientationPortrait UIInterfaceOrientationLandscapeLeft UIInterfaceOrientationLandscapeRight";
				LD_RUNPATH_SEARCH_PATHS = (
					"$(inherited)",
					"@executable_path/Frameworks",
				);
				MARKETING_VERSION = 1.0;
				PRODUCT_BUNDLE_IDENTIFIER = com.yhondri.PhotoGallery;
				PRODUCT_NAME = "$(TARGET_NAME)";
				SWIFT_EMIT_LOC_STRINGS = YES;
				SWIFT_VERSION = 5.0;
				TARGETED_DEVICE_FAMILY = "1,2";
			};
			name = Release;
		};
		56DAA6812B64A8BB00BBD0C9 /* Debug */ = {
			isa = XCBuildConfiguration;
			buildSettings = {
				ALWAYS_EMBED_SWIFT_STANDARD_LIBRARIES = YES;
				BUNDLE_LOADER = "$(TEST_HOST)";
				CODE_SIGN_STYLE = Automatic;
				CURRENT_PROJECT_VERSION = 1;
				DEVELOPMENT_TEAM = UY69P266SE;
				GENERATE_INFOPLIST_FILE = YES;
				IPHONEOS_DEPLOYMENT_TARGET = 17.2;
				MARKETING_VERSION = 1.0;
				PRODUCT_BUNDLE_IDENTIFIER = com.yhondri.PhotoGalleryTests;
				PRODUCT_NAME = "$(TARGET_NAME)";
				SWIFT_EMIT_LOC_STRINGS = NO;
				SWIFT_VERSION = 5.0;
				TARGETED_DEVICE_FAMILY = "1,2";
				TEST_HOST = "$(BUILT_PRODUCTS_DIR)/PhotoGallery.app/$(BUNDLE_EXECUTABLE_FOLDER_PATH)/PhotoGallery";
			};
			name = Debug;
		};
		56DAA6822B64A8BB00BBD0C9 /* Release */ = {
			isa = XCBuildConfiguration;
			buildSettings = {
				ALWAYS_EMBED_SWIFT_STANDARD_LIBRARIES = YES;
				BUNDLE_LOADER = "$(TEST_HOST)";
				CODE_SIGN_STYLE = Automatic;
				CURRENT_PROJECT_VERSION = 1;
				DEVELOPMENT_TEAM = UY69P266SE;
				GENERATE_INFOPLIST_FILE = YES;
				IPHONEOS_DEPLOYMENT_TARGET = 17.2;
				MARKETING_VERSION = 1.0;
				PRODUCT_BUNDLE_IDENTIFIER = com.yhondri.PhotoGalleryTests;
				PRODUCT_NAME = "$(TARGET_NAME)";
				SWIFT_EMIT_LOC_STRINGS = NO;
				SWIFT_VERSION = 5.0;
				TARGETED_DEVICE_FAMILY = "1,2";
				TEST_HOST = "$(BUILT_PRODUCTS_DIR)/PhotoGallery.app/$(BUNDLE_EXECUTABLE_FOLDER_PATH)/PhotoGallery";
			};
			name = Release;
		};
		56DAA6842B64A8BB00BBD0C9 /* Debug */ = {
			isa = XCBuildConfiguration;
			buildSettings = {
				ALWAYS_EMBED_SWIFT_STANDARD_LIBRARIES = YES;
				CODE_SIGN_STYLE = Automatic;
				CURRENT_PROJECT_VERSION = 1;
				DEVELOPMENT_TEAM = UY69P266SE;
				GENERATE_INFOPLIST_FILE = YES;
				MARKETING_VERSION = 1.0;
				PRODUCT_BUNDLE_IDENTIFIER = com.yhondri.PhotoGalleryUITests;
				PRODUCT_NAME = "$(TARGET_NAME)";
				SWIFT_EMIT_LOC_STRINGS = NO;
				SWIFT_VERSION = 5.0;
				TARGETED_DEVICE_FAMILY = "1,2";
				TEST_TARGET_NAME = PhotoGallery;
			};
			name = Debug;
		};
		56DAA6852B64A8BB00BBD0C9 /* Release */ = {
			isa = XCBuildConfiguration;
			buildSettings = {
				ALWAYS_EMBED_SWIFT_STANDARD_LIBRARIES = YES;
				CODE_SIGN_STYLE = Automatic;
				CURRENT_PROJECT_VERSION = 1;
				DEVELOPMENT_TEAM = UY69P266SE;
				GENERATE_INFOPLIST_FILE = YES;
				MARKETING_VERSION = 1.0;
				PRODUCT_BUNDLE_IDENTIFIER = com.yhondri.PhotoGalleryUITests;
				PRODUCT_NAME = "$(TARGET_NAME)";
				SWIFT_EMIT_LOC_STRINGS = NO;
				SWIFT_VERSION = 5.0;
				TARGETED_DEVICE_FAMILY = "1,2";
				TEST_TARGET_NAME = PhotoGallery;
			};
			name = Release;
		};
/* End XCBuildConfiguration section */

/* Begin XCConfigurationList section */
		56DAA6542B64A8BA00BBD0C9 /* Build configuration list for PBXProject "PhotoGallery" */ = {
			isa = XCConfigurationList;
			buildConfigurations = (
				56DAA67B2B64A8BB00BBD0C9 /* Debug */,
				56DAA67C2B64A8BB00BBD0C9 /* Release */,
			);
			defaultConfigurationIsVisible = 0;
			defaultConfigurationName = Release;
		};
		56DAA67D2B64A8BB00BBD0C9 /* Build configuration list for PBXNativeTarget "PhotoGallery" */ = {
			isa = XCConfigurationList;
			buildConfigurations = (
				56DAA67E2B64A8BB00BBD0C9 /* Debug */,
				56DAA67F2B64A8BB00BBD0C9 /* Release */,
			);
			defaultConfigurationIsVisible = 0;
			defaultConfigurationName = Release;
		};
		56DAA6802B64A8BB00BBD0C9 /* Build configuration list for PBXNativeTarget "PhotoGalleryTests" */ = {
			isa = XCConfigurationList;
			buildConfigurations = (
				56DAA6812B64A8BB00BBD0C9 /* Debug */,
				56DAA6822B64A8BB00BBD0C9 /* Release */,
			);
			defaultConfigurationIsVisible = 0;
			defaultConfigurationName = Release;
		};
		56DAA6832B64A8BB00BBD0C9 /* Build configuration list for PBXNativeTarget "PhotoGalleryUITests" */ = {
			isa = XCConfigurationList;
			buildConfigurations = (
				56DAA6842B64A8BB00BBD0C9 /* Debug */,
				56DAA6852B64A8BB00BBD0C9 /* Release */,
			);
			defaultConfigurationIsVisible = 0;
			defaultConfigurationName = Release;
		};
/* End XCConfigurationList section */
	};
	rootObject = 56DAA6512B64A8BA00BBD0C9 /* Project object */;
}
